
Microsoft Visual Studio Solution File, Format Version 12.00
# Visual Studio 15
VisualStudioVersion = 15.0.28307.102
MinimumVisualStudioVersion = 10.0.40219.1
Project("{FAE04EC0-301F-11D3-BF4B-00C04F79EFBC}") = "WindowsFormsApp1", "WindowsFormsApp1\WindowsFormsApp1.csproj", "{12F671E3-493F-45FB-B581-D5877F632CEA}"
EndProject
Global
	GlobalSection(SolutionConfigurationPlatforms) = preSolution
		Debug|Any CPU = Debug|Any CPU
		Release|Any CPU = Release|Any CPU
	EndGlobalSection
	GlobalSection(ProjectConfigurationPlatforms) = postSolution
		{12F671E3-493F-45FB-B581-D5877F632CEA}.Debug|Any CPU.ActiveCfg = Debug|Any CPU
		{12F671E3-493F-45FB-B581-D5877F632CEA}.Debug|Any CPU.Build.0 = Debug|Any CPU
		{12F671E3-493F-45FB-B581-D5877F632CEA}.Release|Any CPU.ActiveCfg = Release|Any CPU
		{12F671E3-493F-45FB-B581-D5877F632CEA}.Release|Any CPU.Build.0 = Release|Any CPU
	EndGlobalSection
	GlobalSection(SolutionProperties) = preSolution
		HideSolutionNode = FALSE
	EndGlobalSection
	GlobalSection(ExtensibilityGlobals) = postSolution
		SolutionGuid = {0E218215-7745-42DE-BE1A-F4A79D8DEAB1}
	EndGlobalSection
EndGlobal
